
Microsoft Visual Studio Solution File, Format Version 12.00
# Visual Studio Version 16
VisualStudioVersion = 25.0.1700.0
MinimumVisualStudioVersion = 10.0.40219.1
Project("{FAE04EC0-301F-11D3-BF4B-00C04F79EFBC}") = "Encapsulation", "Encapsulation\Encapsulation.csproj", "{9D2694E3-3439-42BA-B16A-96C33B8ECA0B}"
EndProject
Global
	GlobalSection(SolutionConfigurationPlatforms) = preSolution
		Debug|Any CPU = Debug|Any CPU
		Release|Any CPU = Release|Any CPU
	EndGlobalSection
	GlobalSection(ProjectConfigurationPlatforms) = postSolution
		{9D2694E3-3439-42BA-B16A-96C33B8ECA0B}.Debug|Any CPU.ActiveCfg = Debug|Any CPU
		{9D2694E3-3439-42BA-B16A-96C33B8ECA0B}.Debug|Any CPU.Build.0 = Debug|Any CPU
		{9D2694E3-3439-42BA-B16A-96C33B8ECA0B}.Release|Any CPU.ActiveCfg = Release|Any CPU
		{9D2694E3-3439-42BA-B16A-96C33B8ECA0B}.Release|Any CPU.Build.0 = Release|Any CPU
	EndGlobalSection
	GlobalSection(SolutionProperties) = preSolution
		HideSolutionNode = FALSE
	EndGlobalSection
	GlobalSection(ExtensibilityGlobals) = postSolution
		SolutionGuid = {C06E0EEA-C9A8-42ED-9103-3ACD3125A417}
	EndGlobalSection
EndGlobal
